{
  "requires": true,
  "lockfileVersion": 1,
  "dependencies": {
    "react-global-render-visualizer": {
      "version": "0.1.1",
      "resolved": "https://registry.npmjs.org/react-global-render-visualizer/-/react-global-render-visualizer-0.1.1.tgz",
      "integrity": "sha1-3hsXx8xxR8hCthWZXymSHPEchzs="
    }
  }
}
